
Microsoft Visual Studio Solution File, Format Version 12.00
# Visual Studio Version 16
VisualStudioVersion = 16.0.29509.3
MinimumVisualStudioVersion = 10.0.40219.1
Project("{2150E333-8FDC-42A3-9474-1A3956D46DE8}") = "CleanArch.Application", "CleanArch.Application", "{0BD2CD39-797C-4B80-AADD-E6F75D392AF5}"
EndProject
Project("{2150E333-8FDC-42A3-9474-1A3956D46DE8}") = "CleanArch.Domain", "CleanArch.Domain", "{296AF240-C79E-4762-9128-B1165B310E68}"
EndProject
Project("{2150E333-8FDC-42A3-9474-1A3956D46DE8}") = "CleanArch.Infra.IoC", "CleanArch.Infra.IoC", "{EA94F988-540B-4009-9107-6E39E5403FCA}"
EndProject
Project("{2150E333-8FDC-42A3-9474-1A3956D46DE8}") = "CleanArch.Infra.Data", "CleanArch.Infra.Data", "{9AF2DE61-7C75-4FC0-9629-AF4A7462759A}"
EndProject
Project("{2150E333-8FDC-42A3-9474-1A3956D46DE8}") = "CleanArch.UI.MVC", "CleanArch.UI.MVC", "{7C249FAA-C719-4A5D-87F3-F05A7D6105E8}"
EndProject
Project("{FAE04EC0-301F-11D3-BF4B-00C04F79EFBC}") = "CleanArch.Mvc", "CleanArch.Mvc\CleanArch.Mvc.csproj", "{6B2D343C-543E-4A31-B960-4BD2E60E550E}"
EndProject
Global
	GlobalSection(SolutionConfigurationPlatforms) = preSolution
		Debug|Any CPU = Debug|Any CPU
		Release|Any CPU = Release|Any CPU
	EndGlobalSection
	GlobalSection(ProjectConfigurationPlatforms) = postSolution
		{6B2D343C-543E-4A31-B960-4BD2E60E550E}.Debug|Any CPU.ActiveCfg = Debug|Any CPU
		{6B2D343C-543E-4A31-B960-4BD2E60E550E}.Debug|Any CPU.Build.0 = Debug|Any CPU
		{6B2D343C-543E-4A31-B960-4BD2E60E550E}.Release|Any CPU.ActiveCfg = Release|Any CPU
		{6B2D343C-543E-4A31-B960-4BD2E60E550E}.Release|Any CPU.Build.0 = Release|Any CPU
	EndGlobalSection
	GlobalSection(SolutionProperties) = preSolution
		HideSolutionNode = FALSE
	EndGlobalSection
	GlobalSection(NestedProjects) = preSolution
		{6B2D343C-543E-4A31-B960-4BD2E60E550E} = {7C249FAA-C719-4A5D-87F3-F05A7D6105E8}
	EndGlobalSection
	GlobalSection(ExtensibilityGlobals) = postSolution
		SolutionGuid = {0890C4FC-1341-4CCE-A3C7-8CE437F02CCC}
	EndGlobalSection
EndGlobal
